// !$*UTF8*$!
{
	archiveVersion = 1;
	classes = {
	};
	objectVersion = 46;
	objects = {

/* Begin PBXBuildFile section */
		ADDB3F511CDBC211006F9471 /* CTECHashTable.cpp in Sources */ = {isa = PBXBuildFile; fileRef = ADDB3F4F1CDBC211006F9471 /* CTECHashTable.cpp */; };
		ADDF2D471CCE8F9C0098FF21 /* CTECGraph.cpp in Sources */ = {isa = PBXBuildFile; fileRef = ADDF2D451CCE8F9C0098FF21 /* CTECGraph.cpp */; };
		ADE11A631CBC1D0400F2A725 /* TreeNode.cpp in Sources */ = {isa = PBXBuildFile; fileRef = ADE11A611CBC1D0400F2A725 /* TreeNode.cpp */; };
		ADE11A661CBC2D4700F2A725 /* CTECBinaryTree.cpp in Sources */ = {isa = PBXBuildFile; fileRef = ADE11A641CBC2D4700F2A725 /* CTECBinaryTree.cpp */; };
		ADE128F11CE106A20086AD83 /* HashNode.cpp in Sources */ = {isa = PBXBuildFile; fileRef = ADE128EF1CE106A20086AD83 /* HashNode.cpp */; };
		ADEADD871C99DC1000858480 /* NodeController.cpp in Sources */ = {isa = PBXBuildFile; fileRef = ADEADD781C99DC1000858480 /* NodeController.cpp */; };
		ADEADD881C99DC1000858480 /* NodeRunner.cpp in Sources */ = {isa = PBXBuildFile; fileRef = ADEADD7A1C99DC1000858480 /* NodeRunner.cpp */; };
		ADEADD891C99DC1000858480 /* ArrayNode.cpp in Sources */ = {isa = PBXBuildFile; fileRef = ADEADD7C1C99DC1000858480 /* ArrayNode.cpp */; };
		ADEADD8A1C99DC1000858480 /* CTECArray.cpp in Sources */ = {isa = PBXBuildFile; fileRef = ADEADD7E1C99DC1000858480 /* CTECArray.cpp */; };
		ADEADD8D1C99DC1000858480 /* Node.cpp in Sources */ = {isa = PBXBuildFile; fileRef = ADEADD831C99DC1000858480 /* Node.cpp */; };
		ADEADD8E1C99DC1000858480 /* Timer.cpp in Sources */ = {isa = PBXBuildFile; fileRef = ADEADD851C99DC1000858480 /* Timer.cpp */; };
		ADEADD921C99EBB500858480 /* CTECList.cpp in Sources */ = {isa = PBXBuildFile; fileRef = ADEADD911C99EBB500858480 /* CTECList.cpp */; };
/* End PBXBuildFile section */

/* Begin PBXCopyFilesBuildPhase section */
		ADEADD6B1C99DB9B00858480 /* CopyFiles */ = {
			isa = PBXCopyFilesBuildPhase;
			buildActionMask = 2147483647;
			dstPath = /usr/share/man/man1/;
			dstSubfolderSpec = 0;
			files = (
			);
			runOnlyForDeploymentPostprocessing = 1;
		};
/* End PBXCopyFilesBuildPhase section */

/* Begin PBXFileReference section */
		ADD56AE71CC6BDE800AA1016 /* CTECBinaryTree.hh */ = {isa = PBXFileReference; fileEncoding = 4; lastKnownFileType = sourcecode.cpp.h; path = CTECBinaryTree.hh; sourceTree = "<group>"; };
		ADDB3F4F1CDBC211006F9471 /* CTECHashTable.cpp */ = {isa = PBXFileReference; fileEncoding = 4; lastKnownFileType = sourcecode.cpp.cpp; path = CTECHashTable.cpp; sourceTree = "<group>"; };
		ADDB3F501CDBC211006F9471 /* CTECHashTable.hpp */ = {isa = PBXFileReference; fileEncoding = 4; lastKnownFileType = sourcecode.cpp.h; path = CTECHashTable.hpp; sourceTree = "<group>"; };
		ADDF2D451CCE8F9C0098FF21 /* CTECGraph.cpp */ = {isa = PBXFileReference; fileEncoding = 4; lastKnownFileType = sourcecode.cpp.cpp; path = CTECGraph.cpp; sourceTree = "<group>"; };
		ADDF2D461CCE8F9C0098FF21 /* CTECGraph.hpp */ = {isa = PBXFileReference; fileEncoding = 4; lastKnownFileType = sourcecode.cpp.h; path = CTECGraph.hpp; sourceTree = "<group>"; };
		ADE11A611CBC1D0400F2A725 /* TreeNode.cpp */ = {isa = PBXFileReference; fileEncoding = 4; lastKnownFileType = sourcecode.cpp.cpp; path = TreeNode.cpp; sourceTree = "<group>"; };
		ADE11A621CBC1D0400F2A725 /* TreeNode.hpp */ = {isa = PBXFileReference; fileEncoding = 4; lastKnownFileType = sourcecode.cpp.h; path = TreeNode.hpp; sourceTree = "<group>"; };
		ADE11A641CBC2D4700F2A725 /* CTECBinaryTree.cpp */ = {isa = PBXFileReference; fileEncoding = 4; lastKnownFileType = sourcecode.cpp.cpp; path = CTECBinaryTree.cpp; sourceTree = "<group>"; };
		ADE11A651CBC2D4700F2A725 /* CTECBinaryTree.hpp */ = {isa = PBXFileReference; fileEncoding = 4; lastKnownFileType = sourcecode.cpp.h; path = CTECBinaryTree.hpp; sourceTree = "<group>"; };
		ADE128EF1CE106A20086AD83 /* HashNode.cpp */ = {isa = PBXFileReference; fileEncoding = 4; lastKnownFileType = sourcecode.cpp.cpp; path = HashNode.cpp; sourceTree = "<group>"; };
		ADE128F01CE106A20086AD83 /* HashNode.hpp */ = {isa = PBXFileReference; fileEncoding = 4; lastKnownFileType = sourcecode.cpp.h; path = HashNode.hpp; sourceTree = "<group>"; };
		ADEADD6D1C99DB9B00858480 /* NodeProj */ = {isa = PBXFileReference; explicitFileType = "compiled.mach-o.executable"; includeInIndex = 0; path = NodeProj; sourceTree = BUILT_PRODUCTS_DIR; };
		ADEADD781C99DC1000858480 /* NodeController.cpp */ = {isa = PBXFileReference; fileEncoding = 4; lastKnownFileType = sourcecode.cpp.cpp; path = NodeController.cpp; sourceTree = "<group>"; };
		ADEADD791C99DC1000858480 /* NodeController.h */ = {isa = PBXFileReference; fileEncoding = 4; lastKnownFileType = sourcecode.c.h; path = NodeController.h; sourceTree = "<group>"; };
		ADEADD7A1C99DC1000858480 /* NodeRunner.cpp */ = {isa = PBXFileReference; fileEncoding = 4; lastKnownFileType = sourcecode.cpp.cpp; path = NodeRunner.cpp; sourceTree = "<group>"; };
		ADEADD7C1C99DC1000858480 /* ArrayNode.cpp */ = {isa = PBXFileReference; fileEncoding = 4; lastKnownFileType = sourcecode.cpp.cpp; path = ArrayNode.cpp; sourceTree = "<group>"; };
		ADEADD7D1C99DC1000858480 /* ArrayNode.h */ = {isa = PBXFileReference; fileEncoding = 4; lastKnownFileType = sourcecode.c.h; path = ArrayNode.h; sourceTree = "<group>"; };
		ADEADD7E1C99DC1000858480 /* CTECArray.cpp */ = {isa = PBXFileReference; fileEncoding = 4; lastKnownFileType = sourcecode.cpp.cpp; path = CTECArray.cpp; sourceTree = "<group>"; };
		ADEADD7F1C99DC1000858480 /* CTECArray.h */ = {isa = PBXFileReference; fileEncoding = 4; lastKnownFileType = sourcecode.c.h; path = CTECArray.h; sourceTree = "<group>"; };
		ADEADD821C99DC1000858480 /* CTECList.h */ = {isa = PBXFileReference; fileEncoding = 4; lastKnownFileType = sourcecode.c.h; path = CTECList.h; sourceTree = "<group>"; };
		ADEADD831C99DC1000858480 /* Node.cpp */ = {isa = PBXFileReference; fileEncoding = 4; lastKnownFileType = sourcecode.cpp.cpp; path = Node.cpp; sourceTree = "<group>"; };
		ADEADD841C99DC1000858480 /* Node.h */ = {isa = PBXFileReference; fileEncoding = 4; lastKnownFileType = sourcecode.c.h; path = Node.h; sourceTree = "<group>"; };
		ADEADD851C99DC1000858480 /* Timer.cpp */ = {isa = PBXFileReference; fileEncoding = 4; lastKnownFileType = sourcecode.cpp.cpp; path = Timer.cpp; sourceTree = "<group>"; };
		ADEADD861C99DC1000858480 /* Timer.h */ = {isa = PBXFileReference; fileEncoding = 4; lastKnownFileType = sourcecode.c.h; path = Timer.h; sourceTree = "<group>"; };
		ADEADD911C99EBB500858480 /* CTECList.cpp */ = {isa = PBXFileReference; fileEncoding = 4; lastKnownFileType = sourcecode.cpp.cpp; path = CTECList.cpp; sourceTree = "<group>"; };
/* End PBXFileReference section */

/* Begin PBXFrameworksBuildPhase section */
		ADEADD6A1C99DB9B00858480 /* Frameworks */ = {
			isa = PBXFrameworksBuildPhase;
			buildActionMask = 2147483647;
			files = (
			);
			runOnlyForDeploymentPostprocessing = 0;
		};
/* End PBXFrameworksBuildPhase section */

/* Begin PBXGroup section */
		ADEADD641C99DB9B00858480 = {
			isa = PBXGroup;
			children = (
				ADEADD771C99DC1000858480 /* Controller */,
				ADEADD7B1C99DC1000858480 /* Model */,
				ADEADD6E1C99DB9B00858480 /* Products */,
			);
			sourceTree = "<group>";
		};
		ADEADD6E1C99DB9B00858480 /* Products */ = {
			isa = PBXGroup;
			children = (
				ADEADD6D1C99DB9B00858480 /* NodeProj */,
			);
			name = Products;
			sourceTree = "<group>";
		};
		ADEADD771C99DC1000858480 /* Controller */ = {
			isa = PBXGroup;
			children = (
				ADEADD781C99DC1000858480 /* NodeController.cpp */,
				ADEADD791C99DC1000858480 /* NodeController.h */,
				ADEADD7A1C99DC1000858480 /* NodeRunner.cpp */,
			);
			path = Controller;
			sourceTree = "<group>";
		};
		ADEADD7B1C99DC1000858480 /* Model */ = {
			isa = PBXGroup;
			children = (
				ADEADD7C1C99DC1000858480 /* ArrayNode.cpp */,
				ADEADD7D1C99DC1000858480 /* ArrayNode.h */,
				ADEADD7E1C99DC1000858480 /* CTECArray.cpp */,
				ADEADD7F1C99DC1000858480 /* CTECArray.h */,
				ADEADD821C99DC1000858480 /* CTECList.h */,
				ADEADD911C99EBB500858480 /* CTECList.cpp */,
				ADEADD831C99DC1000858480 /* Node.cpp */,
				ADEADD841C99DC1000858480 /* Node.h */,
				ADEADD851C99DC1000858480 /* Timer.cpp */,
				ADEADD861C99DC1000858480 /* Timer.h */,
				ADE11A611CBC1D0400F2A725 /* TreeNode.cpp */,
				ADE11A621CBC1D0400F2A725 /* TreeNode.hpp */,
				ADE11A641CBC2D4700F2A725 /* CTECBinaryTree.cpp */,
				ADE11A651CBC2D4700F2A725 /* CTECBinaryTree.hpp */,
				ADD56AE71CC6BDE800AA1016 /* CTECBinaryTree.hh */,
				ADDF2D451CCE8F9C0098FF21 /* CTECGraph.cpp */,
				ADDF2D461CCE8F9C0098FF21 /* CTECGraph.hpp */,
				ADDB3F4F1CDBC211006F9471 /* CTECHashTable.cpp */,
				ADDB3F501CDBC211006F9471 /* CTECHashTable.hpp */,
				ADE128EF1CE106A20086AD83 /* HashNode.cpp */,
				ADE128F01CE106A20086AD83 /* HashNode.hpp */,
			);
			path = Model;
			sourceTree = "<group>";
		};
/* End PBXGroup section */

/* Begin PBXNativeTarget section */
		ADEADD6C1C99DB9B00858480 /* NodeProj */ = {
			isa = PBXNativeTarget;
			buildConfigurationList = ADEADD741C99DB9B00858480 /* Build configuration list for PBXNativeTarget "NodeProj" */;
			buildPhases = (
				ADEADD691C99DB9B00858480 /* Sources */,
				ADEADD6A1C99DB9B00858480 /* Frameworks */,
				ADEADD6B1C99DB9B00858480 /* CopyFiles */,
			);
			buildRules = (
			);
			dependencies = (
			);
			name = NodeProj;
			productName = NodeProj;
			productReference = ADEADD6D1C99DB9B00858480 /* NodeProj */;
			productType = "com.apple.product-type.tool";
		};
/* End PBXNativeTarget section */

/* Begin PBXProject section */
		ADEADD651C99DB9B00858480 /* Project object */ = {
			isa = PBXProject;
			attributes = {
				LastUpgradeCheck = 0720;
				ORGANIZATIONNAME = "Nick Haynes";
				TargetAttributes = {
					ADEADD6C1C99DB9B00858480 = {
						CreatedOnToolsVersion = 7.2;
					};
				};
			};
			buildConfigurationList = ADEADD681C99DB9B00858480 /* Build configuration list for PBXProject "NodeProj" */;
			compatibilityVersion = "Xcode 3.2";
			developmentRegion = English;
			hasScannedForEncodings = 0;
			knownRegions = (
				en,
			);
			mainGroup = ADEADD641C99DB9B00858480;
			productRefGroup = ADEADD6E1C99DB9B00858480 /* Products */;
			projectDirPath = "";
			projectRoot = "";
			targets = (
				ADEADD6C1C99DB9B00858480 /* NodeProj */,
			);
		};
/* End PBXProject section */

/* Begin PBXSourcesBuildPhase section */
		ADEADD691C99DB9B00858480 /* Sources */ = {
			isa = PBXSourcesBuildPhase;
			buildActionMask = 2147483647;
			files = (
				ADEADD871C99DC1000858480 /* NodeController.cpp in Sources */,
				ADEADD881C99DC1000858480 /* NodeRunner.cpp in Sources */,
				ADEADD891C99DC1000858480 /* ArrayNode.cpp in Sources */,
				ADDF2D471CCE8F9C0098FF21 /* CTECGraph.cpp in Sources */,
				ADE11A631CBC1D0400F2A725 /* TreeNode.cpp in Sources */,
				ADEADD8E1C99DC1000858480 /* Timer.cpp in Sources */,
				ADEADD8A1C99DC1000858480 /* CTECArray.cpp in Sources */,
				ADE11A661CBC2D4700F2A725 /* CTECBinaryTree.cpp in Sources */,
				ADEADD921C99EBB500858480 /* CTECList.cpp in Sources */,
				ADDB3F511CDBC211006F9471 /* CTECHashTable.cpp in Sources */,
				ADEADD8D1C99DC1000858480 /* Node.cpp in Sources */,
				ADE128F11CE106A20086AD83 /* HashNode.cpp in Sources */,
			);
			runOnlyForDeploymentPostprocessing = 0;
		};
/* End PBXSourcesBuildPhase section */

/* Begin XCBuildConfiguration section */
		ADEADD721C99DB9B00858480 /* Debug */ = {
			isa = XCBuildConfiguration;
			buildSettings = {
				ALWAYS_SEARCH_USER_PATHS = NO;
				CLANG_CXX_LANGUAGE_STANDARD = "gnu++0x";
				CLANG_CXX_LIBRARY = "libc++";
				CLANG_ENABLE_MODULES = YES;
				CLANG_ENABLE_OBJC_ARC = YES;
				CLANG_WARN_BOOL_CONVERSION = YES;
				CLANG_WARN_CONSTANT_CONVERSION = YES;
				CLANG_WARN_DIRECT_OBJC_ISA_USAGE = YES_ERROR;
				CLANG_WARN_EMPTY_BODY = YES;
				CLANG_WARN_ENUM_CONVERSION = YES;
				CLANG_WARN_INT_CONVERSION = YES;
				CLANG_WARN_OBJC_ROOT_CLASS = YES_ERROR;
				CLANG_WARN_UNREACHABLE_CODE = YES;
				CLANG_WARN__DUPLICATE_METHOD_MATCH = YES;
				CODE_SIGN_IDENTITY = "-";
				COPY_PHASE_STRIP = NO;
				DEBUG_INFORMATION_FORMAT = dwarf;
				ENABLE_STRICT_OBJC_MSGSEND = YES;
				ENABLE_TESTABILITY = YES;
				GCC_C_LANGUAGE_STANDARD = gnu99;
				GCC_DYNAMIC_NO_PIC = NO;
				GCC_NO_COMMON_BLOCKS = YES;
				GCC_OPTIMIZATION_LEVEL = 0;
				GCC_PREPROCESSOR_DEFINITIONS = (
					"DEBUG=1",
					"$(inherited)",
				);
				GCC_WARN_64_TO_32_BIT_CONVERSION = YES;
				GCC_WARN_ABOUT_RETURN_TYPE = YES_ERROR;
				GCC_WARN_UNDECLARED_SELECTOR = YES;
				GCC_WARN_UNINITIALIZED_AUTOS = YES_AGGRESSIVE;
				GCC_WARN_UNUSED_FUNCTION = YES;
				GCC_WARN_UNUSED_VARIABLE = YES;
				MACOSX_DEPLOYMENT_TARGET = 10.10;
				MTL_ENABLE_DEBUG_INFO = YES;
				ONLY_ACTIVE_ARCH = YES;
				SDKROOT = macosx;
			};
			name = Debug;
		};
		ADEADD731C99DB9B00858480 /* Release */ = {
			isa = XCBuildConfiguration;
			buildSettings = {
				ALWAYS_SEARCH_USER_PATHS = NO;
				CLANG_CXX_LANGUAGE_STANDARD = "gnu++0x";
				CLANG_CXX_LIBRARY = "libc++";
				CLANG_ENABLE_MODULES = YES;
				CLANG_ENABLE_OBJC_ARC = YES;
				CLANG_WARN_BOOL_CONVERSION = YES;
				CLANG_WARN_CONSTANT_CONVERSION = YES;
				CLANG_WARN_DIRECT_OBJC_ISA_USAGE = YES_ERROR;
				CLANG_WARN_EMPTY_BODY = YES;
				CLANG_WARN_ENUM_CONVERSION = YES;
				CLANG_WARN_INT_CONVERSION = YES;
				CLANG_WARN_OBJC_ROOT_CLASS = YES_ERROR;
				CLANG_WARN_UNREACHABLE_CODE = YES;
				CLANG_WARN__DUPLICATE_METHOD_MATCH = YES;
				CODE_SIGN_IDENTITY = "-";
				COPY_PHASE_STRIP = NO;
				DEBUG_INFORMATION_FORMAT = "dwarf-with-dsym";
				ENABLE_NS_ASSERTIONS = NO;
				ENABLE_STRICT_OBJC_MSGSEND = YES;
				GCC_C_LANGUAGE_STANDARD = gnu99;
				GCC_NO_COMMON_BLOCKS = YES;
				GCC_WARN_64_TO_32_BIT_CONVERSION = YES;
				GCC_WARN_ABOUT_RETURN_TYPE = YES_ERROR;
				GCC_WARN_UNDECLARED_SELECTOR = YES;
				GCC_WARN_UNINITIALIZED_AUTOS = YES_AGGRESSIVE;
				GCC_WARN_UNUSED_FUNCTION = YES;
				GCC_WARN_UNUSED_VARIABLE = YES;
				MACOSX_DEPLOYMENT_TARGET = 10.10;
				MTL_ENABLE_DEBUG_INFO = NO;
				SDKROOT = macosx;
			};
			name = Release;
		};
		ADEADD751C99DB9B00858480 /* Debug */ = {
			isa = XCBuildConfiguration;
			buildSettings = {
				PRODUCT_NAME = "$(TARGET_NAME)";
			};
			name = Debug;
		};
		ADEADD761C99DB9B00858480 /* Release */ = {
			isa = XCBuildConfiguration;
			buildSettings = {
				PRODUCT_NAME = "$(TARGET_NAME)";
			};
			name = Release;
		};
/* End XCBuildConfiguration section */

/* Begin XCConfigurationList section */
		ADEADD681C99DB9B00858480 /* Build configuration list for PBXProject "NodeProj" */ = {
			isa = XCConfigurationList;
			buildConfigurations = (
				ADEADD721C99DB9B00858480 /* Debug */,
				ADEADD731C99DB9B00858480 /* Release */,
			);
			defaultConfigurationIsVisible = 0;
			defaultConfigurationName = Release;
		};
		ADEADD741C99DB9B00858480 /* Build configuration list for PBXNativeTarget "NodeProj" */ = {
			isa = XCConfigurationList;
			buildConfigurations = (
				ADEADD751C99DB9B00858480 /* Debug */,
				ADEADD761C99DB9B00858480 /* Release */,
			);
			defaultConfigurationIsVisible = 0;
			defaultConfigurationName = Release;
		};
/* End XCConfigurationList section */
	};
	rootObject = ADEADD651C99DB9B00858480 /* Project object */;
}
